
Microsoft Visual Studio Solution File, Format Version 12.00
# Visual Studio 15
VisualStudioVersion = 15.0.28307.421
MinimumVisualStudioVersion = 10.0.40219.1
Project("{FAE04EC0-301F-11D3-BF4B-00C04F79EFBC}") = "Projekat", "WpfApp1\Projekat.csproj", "{85BE0190-6EDA-4E94-9E62-A6D1F991FDB5}"
EndProject
Global
	GlobalSection(SolutionConfigurationPlatforms) = preSolution
		Debug|Any CPU = Debug|Any CPU
		Release|Any CPU = Release|Any CPU
	EndGlobalSection
	GlobalSection(ProjectConfigurationPlatforms) = postSolution
		{85BE0190-6EDA-4E94-9E62-A6D1F991FDB5}.Debug|Any CPU.ActiveCfg = Debug|Any CPU
		{85BE0190-6EDA-4E94-9E62-A6D1F991FDB5}.Debug|Any CPU.Build.0 = Debug|Any CPU
		{85BE0190-6EDA-4E94-9E62-A6D1F991FDB5}.Release|Any CPU.ActiveCfg = Release|Any CPU
		{85BE0190-6EDA-4E94-9E62-A6D1F991FDB5}.Release|Any CPU.Build.0 = Release|Any CPU
	EndGlobalSection
	GlobalSection(SolutionProperties) = preSolution
		HideSolutionNode = FALSE
	EndGlobalSection
	GlobalSection(ExtensibilityGlobals) = postSolution
		SolutionGuid = {C5CD79EE-74E8-4DA8-9DE9-BCCA1D6EEE2D}
	EndGlobalSection
EndGlobal
